
Microsoft Visual Studio Solution File, Format Version 12.00
# Visual Studio 15
VisualStudioVersion = 15.0.27130.2010
MinimumVisualStudioVersion = 10.0.40219.1
Project("{FAE04EC0-301F-11D3-BF4B-00C04F79EFBC}") = "RandomString", "RandomString\RandomString.csproj", "{919006DE-D0F5-43BC-8964-35D2483A2387}"
EndProject
Global
	GlobalSection(SolutionConfigurationPlatforms) = preSolution
		Debug|Any CPU = Debug|Any CPU
		Release|Any CPU = Release|Any CPU
	EndGlobalSection
	GlobalSection(ProjectConfigurationPlatforms) = postSolution
		{919006DE-D0F5-43BC-8964-35D2483A2387}.Debug|Any CPU.ActiveCfg = Debug|Any CPU
		{919006DE-D0F5-43BC-8964-35D2483A2387}.Debug|Any CPU.Build.0 = Debug|Any CPU
		{919006DE-D0F5-43BC-8964-35D2483A2387}.Release|Any CPU.ActiveCfg = Release|Any CPU
		{919006DE-D0F5-43BC-8964-35D2483A2387}.Release|Any CPU.Build.0 = Release|Any CPU
	EndGlobalSection
	GlobalSection(SolutionProperties) = preSolution
		HideSolutionNode = FALSE
	EndGlobalSection
	GlobalSection(ExtensibilityGlobals) = postSolution
		SolutionGuid = {6433B2E1-1266-4956-B2CA-76151C4E8DAF}
	EndGlobalSection
EndGlobal
